# THIS IS AN AUTOGENERATED FILE. DO NOT EDIT THIS FILE DIRECTLY.
# yarn lockfile v1


"@egjs/hammerjs@^2.0.17":
  version "2.0.17"
  resolved "https://registry.yarnpkg.com/@egjs/hammerjs/-/hammerjs-2.0.17.tgz#5dc02af75a6a06e4c2db0202cae38c9263895124"
  integrity sha512-XQsZgjm2EcVUiZQf11UBJQfmZeEmOW8DpI1gsFeln6w0ae0ii4dMQEQ0kjl6DspdWX1aGY1/loyXnP0JS06e/A==
  dependencies:
    "@types/hammerjs" "^2.0.36"

"@types/hammerjs@^2.0.36":
  version "2.0.41"
  resolved "https://registry.yarnpkg.com/@types/hammerjs/-/hammerjs-2.0.41.tgz#f6ecf57d1b12d2befcce00e928a6a097c22980aa"
  integrity sha512-ewXv/ceBaJprikMcxCmWU1FKyMAQ2X7a9Gtmzw8fcg2kIePI1crERDM818W+XYrxqdBBOdlf2rm137bU+BltCA==

component-emitter@^1.3.0:
  version "1.3.0"
  resolved "https://registry.yarnpkg.com/component-emitter/-/component-emitter-1.3.0.tgz#16e4070fba8ae29b679f2215853ee181ab2eabc0"
  integrity sha512-Rd3se6QB+sO1TwqZjscQrurpEPIfO0/yYnSin6Q/rD3mOutHvUrCAhJub3r90uNb+SESBuE0QYoB90YdfatsRg==

hammerjs@^2.0.8:
  version "2.0.8"
  resolved "https://registry.yarnpkg.com/hammerjs/-/hammerjs-2.0.8.tgz#04ef77862cff2bb79d30f7692095930222bf60f1"
  integrity sha512-tSQXBXS/MWQOn/RKckawJ61vvsDpCom87JgxiYdGwHdOa0ht0vzUWDlfioofFCRU0L+6NGDt6XzbgoJvZkMeRQ==

keycharm@^0.3.1:
  version "0.3.1"
  resolved "https://registry.yarnpkg.com/keycharm/-/keycharm-0.3.1.tgz#1de258425454752b95c4d8a6cab9ec83218670de"
  integrity sha512-zn47Ti4FJT9zdF+YBBLWJsfKF/fYQHkrYlBeB5Ez5e2PjW7SoIxr43yehAne2HruulIoid4NKZZxO0dHBygCtQ==

lodash@^4.17.4:
  version "4.17.21"
  resolved "https://registry.yarnpkg.com/lodash/-/lodash-4.17.21.tgz#679591c564c3bffaae8454cf0b3df370c3d6911c"
  integrity sha512-v2kDEe57lecTulaDIuNTPy3Ry4gLGJ6Z1O3vE1krgXZNrsQ+LFTGHVxVjcXPs17LhbZVGedAJv8XZ1tvj5FvSg==

propagating-hammerjs@^1.4.7:
  version "1.5.0"
  resolved "https://registry.yarnpkg.com/propagating-hammerjs/-/propagating-hammerjs-1.5.0.tgz#223d58465489b64879fb0cef2c99ba92b294c239"
  integrity sha512-3PUXWmomwutoZfydC+lJwK1bKCh6sK6jZGB31RUX6+4EXzsbkDZrK4/sVR7gBrvJaEIwpTVyxQUAd29FKkmVdw==
  dependencies:
    hammerjs "^2.0.8"

react-vis-timeline@^2.0.3:
  version "2.0.3"
  resolved "https://registry.yarnpkg.com/react-vis-timeline/-/react-vis-timeline-2.0.3.tgz#d1756469f389fc888b04f529c1a3257f727cc226"
  integrity sha512-ltU3ZH005hErhe6tTU6/QAyIGLJwkka8sK5at/xyLLh/y3ZbJGaqmzFPcal1+zkEtGJe2JL0EUGLSGzNFkhPBQ==
  dependencies:
    "@egjs/hammerjs" "^2.0.17"
    component-emitter "^1.3.0"
    keycharm "^0.3.1"
    propagating-hammerjs "^1.4.7"
    uuid "^7.0.0"
    vis-data "^6.5.2"
    vis-timeline "^7.3.6"
    vis-util "^4.0.1"

react-visjs-timeline@^1.6.0:
  version "1.6.0"
  resolved "https://registry.yarnpkg.com/react-visjs-timeline/-/react-visjs-timeline-1.6.0.tgz#d741c3625caa4d04ec00bd0ad41d582c7e5792b6"
  integrity sha512-pGjo/XaqFBWmEARrebRClSBn9oaTtSA2m1WPyNSGJtJq+s8odZ1Gcq9FW4bIYx0HS9SPYwWpSAWRysSByi0EGw==
  dependencies:
    lodash "^4.17.4"

uuid@^7.0.0:
  version "7.0.3"
  resolved "https://registry.yarnpkg.com/uuid/-/uuid-7.0.3.tgz#c5c9f2c8cf25dc0a372c4df1441c41f5bd0c680b"
  integrity sha512-DPSke0pXhTZgoF/d+WSt2QaKMCFSfx7QegxEWT+JOuHF5aWrKEn0G+ztjuJg/gG8/ItK+rbPCD/yNv8yyih6Cg==

vis-data@^6.5.2:
  version "6.6.1"
  resolved "https://registry.yarnpkg.com/vis-data/-/vis-data-6.6.1.tgz#2aa52e46c305ad46bb7abe6e7634e2eecd743b15"
  integrity sha512-xmujDB2Dzf8T04rGFJ9OP4OA6zRVrz8R9hb0CVKryBrZRCljCga9JjSfgctA8S7wdZu7otDtUIwX4ZOgfV/57w==

vis-timeline@^7.3.6:
  version "7.7.2"
  resolved "https://registry.yarnpkg.com/vis-timeline/-/vis-timeline-7.7.2.tgz#af3565367a0271344b22ee0ecf4694a7459c7803"
  integrity sha512-l7hDBFJ0FI6gX4kzsxAONnAacowK3sHWx3uc5jR1DYs/FAsOEZsHDclVNW3+QAwmV3Xvg61U8//ha6hZNw7G1Q==

vis-util@^4.0.1:
  version "4.3.4"
  resolved "https://registry.yarnpkg.com/vis-util/-/vis-util-4.3.4.tgz#02319fbd909f82782b96a36d1224f1beea67f8b2"
  integrity sha512-hJIZNrwf4ML7FYjs+m+zjJfaNvhjk3/1hbMdQZVnwwpOFJS/8dMG8rdbOHXcKoIEM6U5VOh3HNpaDXxGkOZGpw==
